// !$*UTF8*$!
{
	archiveVersion = 1;
	classes = {
	};
	objectVersion = 46;
	objects = {

/* Begin PBXBuildFile section */
		408E1AE91C6E213300A57CF1 /* main.m in Sources */ = {isa = PBXBuildFile; fileRef = 408E1AE81C6E213300A57CF1 /* main.m */; };
		408E1AEC1C6E213300A57CF1 /* AppDelegate.m in Sources */ = {isa = PBXBuildFile; fileRef = 408E1AEB1C6E213300A57CF1 /* AppDelegate.m */; };
		408E1AEF1C6E213300A57CF1 /* ViewController.m in Sources */ = {isa = PBXBuildFile; fileRef = 408E1AEE1C6E213300A57CF1 /* ViewController.m */; };
		408E1AF21C6E213300A57CF1 /* Main.storyboard in Resources */ = {isa = PBXBuildFile; fileRef = 408E1AF01C6E213300A57CF1 /* Main.storyboard */; };
		408E1AF41C6E213300A57CF1 /* Assets.xcassets in Resources */ = {isa = PBXBuildFile; fileRef = 408E1AF31C6E213300A57CF1 /* Assets.xcassets */; };
		408E1AF71C6E213300A57CF1 /* LaunchScreen.storyboard in Resources */ = {isa = PBXBuildFile; fileRef = 408E1AF51C6E213300A57CF1 /* LaunchScreen.storyboard */; };
		408E1B001C6E2C5600A57CF1 /* StuffTableViewController.m in Sources */ = {isa = PBXBuildFile; fileRef = 408E1AFF1C6E2C5600A57CF1 /* StuffTableViewController.m */; };
		E2B4F8EEFBEDD09C313EF77D /* libPods-zendesk-integration-test.a in Frameworks */ = {isa = PBXBuildFile; fileRef = F158F47FAC36A33096BD5AE6 /* libPods-zendesk-integration-test.a */; };
/* End PBXBuildFile section */

/* Begin PBXFileReference section */
		408E1AE41C6E213300A57CF1 /* zendesk-integration-test.app */ = {isa = PBXFileReference; explicitFileType = wrapper.application; includeInIndex = 0; path = "zendesk-integration-test.app"; sourceTree = BUILT_PRODUCTS_DIR; };
		408E1AE81C6E213300A57CF1 /* main.m */ = {isa = PBXFileReference; lastKnownFileType = sourcecode.c.objc; path = main.m; sourceTree = "<group>"; };
		408E1AEA1C6E213300A57CF1 /* AppDelegate.h */ = {isa = PBXFileReference; lastKnownFileType = sourcecode.c.h; path = AppDelegate.h; sourceTree = "<group>"; };
		408E1AEB1C6E213300A57CF1 /* AppDelegate.m */ = {isa = PBXFileReference; lastKnownFileType = sourcecode.c.objc; path = AppDelegate.m; sourceTree = "<group>"; };
		408E1AED1C6E213300A57CF1 /* ViewController.h */ = {isa = PBXFileReference; lastKnownFileType = sourcecode.c.h; path = ViewController.h; sourceTree = "<group>"; };
		408E1AEE1C6E213300A57CF1 /* ViewController.m */ = {isa = PBXFileReference; lastKnownFileType = sourcecode.c.objc; path = ViewController.m; sourceTree = "<group>"; };
		408E1AF11C6E213300A57CF1 /* Base */ = {isa = PBXFileReference; lastKnownFileType = file.storyboard; name = Base; path = Base.lproj/Main.storyboard; sourceTree = "<group>"; };
		408E1AF31C6E213300A57CF1 /* Assets.xcassets */ = {isa = PBXFileReference; lastKnownFileType = folder.assetcatalog; path = Assets.xcassets; sourceTree = "<group>"; };
		408E1AF61C6E213300A57CF1 /* Base */ = {isa = PBXFileReference; lastKnownFileType = file.storyboard; name = Base; path = Base.lproj/LaunchScreen.storyboard; sourceTree = "<group>"; };
		408E1AF81C6E213300A57CF1 /* Info.plist */ = {isa = PBXFileReference; lastKnownFileType = text.plist.xml; path = Info.plist; sourceTree = "<group>"; };
		408E1AFE1C6E2C5600A57CF1 /* StuffTableViewController.h */ = {isa = PBXFileReference; fileEncoding = 4; lastKnownFileType = sourcecode.c.h; path = StuffTableViewController.h; sourceTree = "<group>"; };
		408E1AFF1C6E2C5600A57CF1 /* StuffTableViewController.m */ = {isa = PBXFileReference; fileEncoding = 4; lastKnownFileType = sourcecode.c.objc; path = StuffTableViewController.m; sourceTree = "<group>"; };
		90CB29750CECC3E61D7A56A7 /* Pods-zendesk-integration-test.debug.xcconfig */ = {isa = PBXFileReference; includeInIndex = 1; lastKnownFileType = text.xcconfig; name = "Pods-zendesk-integration-test.debug.xcconfig"; path = "Pods/Target Support Files/Pods-zendesk-integration-test/Pods-zendesk-integration-test.debug.xcconfig"; sourceTree = "<group>"; };
		C8A820AC65A1A7EA09C0E02D /* Pods-zendesk-integration-test.release.xcconfig */ = {isa = PBXFileReference; includeInIndex = 1; lastKnownFileType = text.xcconfig; name = "Pods-zendesk-integration-test.release.xcconfig"; path = "Pods/Target Support Files/Pods-zendesk-integration-test/Pods-zendesk-integration-test.release.xcconfig"; sourceTree = "<group>"; };
		F158F47FAC36A33096BD5AE6 /* libPods-zendesk-integration-test.a */ = {isa = PBXFileReference; explicitFileType = archive.ar; includeInIndex = 0; path = "libPods-zendesk-integration-test.a"; sourceTree = BUILT_PRODUCTS_DIR; };
/* End PBXFileReference section */

/* Begin PBXFrameworksBuildPhase section */
		408E1AE11C6E213300A57CF1 /* Frameworks */ = {
			isa = PBXFrameworksBuildPhase;
			buildActionMask = 2147483647;
			files = (
				E2B4F8EEFBEDD09C313EF77D /* libPods-zendesk-integration-test.a in Frameworks */,
			);
			runOnlyForDeploymentPostprocessing = 0;
		};
/* End PBXFrameworksBuildPhase section */

/* Begin PBXGroup section */
		408E1ADB1C6E213300A57CF1 = {
			isa = PBXGroup;
			children = (
				408E1AE61C6E213300A57CF1 /* zendesk-integration-test */,
				408E1AE51C6E213300A57CF1 /* Products */,
				5D6B33DF2DD3993DF627FFD4 /* Pods */,
				88810BBF0055B685EDCC2B04 /* Frameworks */,
			);
			sourceTree = "<group>";
		};
		408E1AE51C6E213300A57CF1 /* Products */ = {
			isa = PBXGroup;
			children = (
				408E1AE41C6E213300A57CF1 /* zendesk-integration-test.app */,
			);
			name = Products;
			sourceTree = "<group>";
		};
		408E1AE61C6E213300A57CF1 /* zendesk-integration-test */ = {
			isa = PBXGroup;
			children = (
				408E1AEA1C6E213300A57CF1 /* AppDelegate.h */,
				408E1AEB1C6E213300A57CF1 /* AppDelegate.m */,
				408E1AED1C6E213300A57CF1 /* ViewController.h */,
				408E1AEE1C6E213300A57CF1 /* ViewController.m */,
				408E1AF01C6E213300A57CF1 /* Main.storyboard */,
				408E1AF31C6E213300A57CF1 /* Assets.xcassets */,
				408E1AF51C6E213300A57CF1 /* LaunchScreen.storyboard */,
				408E1AF81C6E213300A57CF1 /* Info.plist */,
				408E1AE71C6E213300A57CF1 /* Supporting Files */,
				408E1AFE1C6E2C5600A57CF1 /* StuffTableViewController.h */,
				408E1AFF1C6E2C5600A57CF1 /* StuffTableViewController.m */,
			);
			path = "zendesk-integration-test";
			sourceTree = "<group>";
		};
		408E1AE71C6E213300A57CF1 /* Supporting Files */ = {
			isa = PBXGroup;
			children = (
				408E1AE81C6E213300A57CF1 /* main.m */,
			);
			name = "Supporting Files";
			sourceTree = "<group>";
		};
		5D6B33DF2DD3993DF627FFD4 /* Pods */ = {
			isa = PBXGroup;
			children = (
				90CB29750CECC3E61D7A56A7 /* Pods-zendesk-integration-test.debug.xcconfig */,
				C8A820AC65A1A7EA09C0E02D /* Pods-zendesk-integration-test.release.xcconfig */,
			);
			name = Pods;
			sourceTree = "<group>";
		};
		88810BBF0055B685EDCC2B04 /* Frameworks */ = {
			isa = PBXGroup;
			children = (
				F158F47FAC36A33096BD5AE6 /* libPods-zendesk-integration-test.a */,
			);
			name = Frameworks;
			sourceTree = "<group>";
		};
/* End PBXGroup section */

/* Begin PBXNativeTarget section */
		408E1AE31C6E213300A57CF1 /* zendesk-integration-test */ = {
			isa = PBXNativeTarget;
			buildConfigurationList = 408E1AFB1C6E213300A57CF1 /* Build configuration list for PBXNativeTarget "zendesk-integration-test" */;
			buildPhases = (
				B601FCBE345EE37735ADCEF4 /* Check Pods Manifest.lock */,
				408E1AE01C6E213300A57CF1 /* Sources */,
				408E1AE11C6E213300A57CF1 /* Frameworks */,
				408E1AE21C6E213300A57CF1 /* Resources */,
				AD24A53750200F29A2886DF0 /* Embed Pods Frameworks */,
				9BCD49134BC484A6CD1C5812 /* Copy Pods Resources */,
			);
			buildRules = (
			);
			dependencies = (
			);
			name = "zendesk-integration-test";
			productName = "zendesk-integration-test";
			productReference = 408E1AE41C6E213300A57CF1 /* zendesk-integration-test.app */;
			productType = "com.apple.product-type.application";
		};
/* End PBXNativeTarget section */

/* Begin PBXProject section */
		408E1ADC1C6E213300A57CF1 /* Project object */ = {
			isa = PBXProject;
			attributes = {
				LastUpgradeCheck = 0720;
				ORGANIZATIONNAME = "Bitstem GmbH";
				TargetAttributes = {
					408E1AE31C6E213300A57CF1 = {
						CreatedOnToolsVersion = 7.2.1;
						DevelopmentTeam = 7YSBG55W57;
					};
				};
			};
			buildConfigurationList = 408E1ADF1C6E213300A57CF1 /* Build configuration list for PBXProject "zendesk-integration-test" */;
			compatibilityVersion = "Xcode 3.2";
			developmentRegion = English;
			hasScannedForEncodings = 0;
			knownRegions = (
				en,
				Base,
			);
			mainGroup = 408E1ADB1C6E213300A57CF1;
			productRefGroup = 408E1AE51C6E213300A57CF1 /* Products */;
			projectDirPath = "";
			projectRoot = "";
			targets = (
				408E1AE31C6E213300A57CF1 /* zendesk-integration-test */,
			);
		};
/* End PBXProject section */

/* Begin PBXResourcesBuildPhase section */
		408E1AE21C6E213300A57CF1 /* Resources */ = {
			isa = PBXResourcesBuildPhase;
			buildActionMask = 2147483647;
			files = (
				408E1AF71C6E213300A57CF1 /* LaunchScreen.storyboard in Resources */,
				408E1AF41C6E213300A57CF1 /* Assets.xcassets in Resources */,
				408E1AF21C6E213300A57CF1 /* Main.storyboard in Resources */,
			);
			runOnlyForDeploymentPostprocessing = 0;
		};
/* End PBXResourcesBuildPhase section */

/* Begin PBXShellScriptBuildPhase section */
		9BCD49134BC484A6CD1C5812 /* Copy Pods Resources */ = {
			isa = PBXShellScriptBuildPhase;
			buildActionMask = 2147483647;
			files = (
			);
			inputPaths = (
			);
			name = "Copy Pods Resources";
			outputPaths = (
			);
			runOnlyForDeploymentPostprocessing = 0;
			shellPath = /bin/sh;
			shellScript = "\"${SRCROOT}/Pods/Target Support Files/Pods-zendesk-integration-test/Pods-zendesk-integration-test-resources.sh\"\n";
			showEnvVarsInLog = 0;
		};
		AD24A53750200F29A2886DF0 /* Embed Pods Frameworks */ = {
			isa = PBXShellScriptBuildPhase;
			buildActionMask = 2147483647;
			files = (
			);
			inputPaths = (
			);
			name = "Embed Pods Frameworks";
			outputPaths = (
			);
			runOnlyForDeploymentPostprocessing = 0;
			shellPath = /bin/sh;
			shellScript = "\"${SRCROOT}/Pods/Target Support Files/Pods-zendesk-integration-test/Pods-zendesk-integration-test-frameworks.sh\"\n";
			showEnvVarsInLog = 0;
		};
		B601FCBE345EE37735ADCEF4 /* Check Pods Manifest.lock */ = {
			isa = PBXShellScriptBuildPhase;
			buildActionMask = 2147483647;
			files = (
			);
			inputPaths = (
			);
			name = "Check Pods Manifest.lock";
			outputPaths = (
			);
			runOnlyForDeploymentPostprocessing = 0;
			shellPath = /bin/sh;
			shellScript = "diff \"${PODS_ROOT}/../Podfile.lock\" \"${PODS_ROOT}/Manifest.lock\" > /dev/null\nif [[ $? != 0 ]] ; then\n    cat << EOM\nerror: The sandbox is not in sync with the Podfile.lock. Run 'pod install' or update your CocoaPods installation.\nEOM\n    exit 1\nfi\n";
			showEnvVarsInLog = 0;
		};
/* End PBXShellScriptBuildPhase section */

/* Begin PBXSourcesBuildPhase section */
		408E1AE01C6E213300A57CF1 /* Sources */ = {
			isa = PBXSourcesBuildPhase;
			buildActionMask = 2147483647;
			files = (
				408E1B001C6E2C5600A57CF1 /* StuffTableViewController.m in Sources */,
				408E1AEF1C6E213300A57CF1 /* ViewController.m in Sources */,
				408E1AEC1C6E213300A57CF1 /* AppDelegate.m in Sources */,
				408E1AE91C6E213300A57CF1 /* main.m in Sources */,
			);
			runOnlyForDeploymentPostprocessing = 0;
		};
/* End PBXSourcesBuildPhase section */

/* Begin PBXVariantGroup section */
		408E1AF01C6E213300A57CF1 /* Main.storyboard */ = {
			isa = PBXVariantGroup;
			children = (
				408E1AF11C6E213300A57CF1 /* Base */,
			);
			name = Main.storyboard;
			sourceTree = "<group>";
		};
		408E1AF51C6E213300A57CF1 /* LaunchScreen.storyboard */ = {
			isa = PBXVariantGroup;
			children = (
				408E1AF61C6E213300A57CF1 /* Base */,
			);
			name = LaunchScreen.storyboard;
			sourceTree = "<group>";
		};
/* End PBXVariantGroup section */

/* Begin XCBuildConfiguration section */
		408E1AF91C6E213300A57CF1 /* Debug */ = {
			isa = XCBuildConfiguration;
			buildSettings = {
				ALWAYS_SEARCH_USER_PATHS = NO;
				CLANG_CXX_LANGUAGE_STANDARD = "gnu++0x";
				CLANG_CXX_LIBRARY = "libc++";
				CLANG_ENABLE_MODULES = YES;
				CLANG_ENABLE_OBJC_ARC = YES;
				CLANG_WARN_BOOL_CONVERSION = YES;
				CLANG_WARN_CONSTANT_CONVERSION = YES;
				CLANG_WARN_DIRECT_OBJC_ISA_USAGE = YES_ERROR;
				CLANG_WARN_EMPTY_BODY = YES;
				CLANG_WARN_ENUM_CONVERSION = YES;
				CLANG_WARN_INT_CONVERSION = YES;
				CLANG_WARN_OBJC_ROOT_CLASS = YES_ERROR;
				CLANG_WARN_UNREACHABLE_CODE = YES;
				CLANG_WARN__DUPLICATE_METHOD_MATCH = YES;
				"CODE_SIGN_IDENTITY[sdk=iphoneos*]" = "iPhone Developer";
				COPY_PHASE_STRIP = NO;
				DEBUG_INFORMATION_FORMAT = dwarf;
				ENABLE_STRICT_OBJC_MSGSEND = YES;
				ENABLE_TESTABILITY = YES;
				GCC_C_LANGUAGE_STANDARD = gnu99;
				GCC_DYNAMIC_NO_PIC = NO;
				GCC_NO_COMMON_BLOCKS = YES;
				GCC_OPTIMIZATION_LEVEL = 0;
				GCC_PREPROCESSOR_DEFINITIONS = (
					"DEBUG=1",
					"$(inherited)",
				);
				GCC_WARN_64_TO_32_BIT_CONVERSION = YES;
				GCC_WARN_ABOUT_RETURN_TYPE = YES_ERROR;
				GCC_WARN_UNDECLARED_SELECTOR = YES;
				GCC_WARN_UNINITIALIZED_AUTOS = YES_AGGRESSIVE;
				GCC_WARN_UNUSED_FUNCTION = YES;
				GCC_WARN_UNUSED_VARIABLE = YES;
				IPHONEOS_DEPLOYMENT_TARGET = 9.2;
				MTL_ENABLE_DEBUG_INFO = YES;
				ONLY_ACTIVE_ARCH = YES;
				SDKROOT = iphoneos;
				TARGETED_DEVICE_FAMILY = "1,2";
			};
			name = Debug;
		};
		408E1AFA1C6E213300A57CF1 /* Release */ = {
			isa = XCBuildConfiguration;
			buildSettings = {
				ALWAYS_SEARCH_USER_PATHS = NO;
				CLANG_CXX_LANGUAGE_STANDARD = "gnu++0x";
				CLANG_CXX_LIBRARY = "libc++";
				CLANG_ENABLE_MODULES = YES;
				CLANG_ENABLE_OBJC_ARC = YES;
				CLANG_WARN_BOOL_CONVERSION = YES;
				CLANG_WARN_CONSTANT_CONVERSION = YES;
				CLANG_WARN_DIRECT_OBJC_ISA_USAGE = YES_ERROR;
				CLANG_WARN_EMPTY_BODY = YES;
				CLANG_WARN_ENUM_CONVERSION = YES;
				CLANG_WARN_INT_CONVERSION = YES;
				CLANG_WARN_OBJC_ROOT_CLASS = YES_ERROR;
				CLANG_WARN_UNREACHABLE_CODE = YES;
				CLANG_WARN__DUPLICATE_METHOD_MATCH = YES;
				"CODE_SIGN_IDENTITY[sdk=iphoneos*]" = "iPhone Developer";
				COPY_PHASE_STRIP = NO;
				DEBUG_INFORMATION_FORMAT = "dwarf-with-dsym";
				ENABLE_NS_ASSERTIONS = NO;
				ENABLE_STRICT_OBJC_MSGSEND = YES;
				GCC_C_LANGUAGE_STANDARD = gnu99;
				GCC_NO_COMMON_BLOCKS = YES;
				GCC_WARN_64_TO_32_BIT_CONVERSION = YES;
				GCC_WARN_ABOUT_RETURN_TYPE = YES_ERROR;
				GCC_WARN_UNDECLARED_SELECTOR = YES;
				GCC_WARN_UNINITIALIZED_AUTOS = YES_AGGRESSIVE;
				GCC_WARN_UNUSED_FUNCTION = YES;
				GCC_WARN_UNUSED_VARIABLE = YES;
				IPHONEOS_DEPLOYMENT_TARGET = 9.2;
				MTL_ENABLE_DEBUG_INFO = NO;
				SDKROOT = iphoneos;
				TARGETED_DEVICE_FAMILY = "1,2";
				VALIDATE_PRODUCT = YES;
			};
			name = Release;
		};
		408E1AFC1C6E213300A57CF1 /* Debug */ = {
			isa = XCBuildConfiguration;
			baseConfigurationReference = 90CB29750CECC3E61D7A56A7 /* Pods-zendesk-integration-test.debug.xcconfig */;
			buildSettings = {
				ASSETCATALOG_COMPILER_APPICON_NAME = AppIcon;
				CODE_SIGN_IDENTITY = "iPhone Developer";
				INFOPLIST_FILE = "zendesk-integration-test/Info.plist";
				IPHONEOS_DEPLOYMENT_TARGET = 7.1;
				LD_RUNPATH_SEARCH_PATHS = "$(inherited) @executable_path/Frameworks";
				PRODUCT_BUNDLE_IDENTIFIER = "com.bitstem.zendesk-integration-test";
				PRODUCT_NAME = "$(TARGET_NAME)";
				TARGETED_DEVICE_FAMILY = 2;
			};
			name = Debug;
		};
		408E1AFD1C6E213300A57CF1 /* Release */ = {
			isa = XCBuildConfiguration;
			baseConfigurationReference = C8A820AC65A1A7EA09C0E02D /* Pods-zendesk-integration-test.release.xcconfig */;
			buildSettings = {
				ASSETCATALOG_COMPILER_APPICON_NAME = AppIcon;
				CODE_SIGN_IDENTITY = "iPhone Developer";
				INFOPLIST_FILE = "zendesk-integration-test/Info.plist";
				IPHONEOS_DEPLOYMENT_TARGET = 7.1;
				LD_RUNPATH_SEARCH_PATHS = "$(inherited) @executable_path/Frameworks";
				PRODUCT_BUNDLE_IDENTIFIER = "com.bitstem.zendesk-integration-test";
				PRODUCT_NAME = "$(TARGET_NAME)";
				TARGETED_DEVICE_FAMILY = 2;
			};
			name = Release;
		};
/* End XCBuildConfiguration section */

/* Begin XCConfigurationList section */
		408E1ADF1C6E213300A57CF1 /* Build configuration list for PBXProject "zendesk-integration-test" */ = {
			isa = XCConfigurationList;
			buildConfigurations = (
				408E1AF91C6E213300A57CF1 /* Debug */,
				408E1AFA1C6E213300A57CF1 /* Release */,
			);
			defaultConfigurationIsVisible = 0;
			defaultConfigurationName = Release;
		};
		408E1AFB1C6E213300A57CF1 /* Build configuration list for PBXNativeTarget "zendesk-integration-test" */ = {
			isa = XCConfigurationList;
			buildConfigurations = (
				408E1AFC1C6E213300A57CF1 /* Debug */,
				408E1AFD1C6E213300A57CF1 /* Release */,
			);
			defaultConfigurationIsVisible = 0;
			defaultConfigurationName = Release;
		};
/* End XCConfigurationList section */
	};
	rootObject = 408E1ADC1C6E213300A57CF1 /* Project object */;
}
